task_id: OPS-WEBHOOK-ENV-001
owner: ANTIGRAVITY
status: IMPLEMENTED_NOT_VERIFIED
acquired_at: "2026-10-03T20:30:00-03:00"
last_checkpoint_at: "2026-10-03T21:50:00-03:00"
base_commit: "b7e2e087"
write_scope:
  - .ai/locks/OPS-WEBHOOK-ENV-001.lock.yaml
  - .ai/TASKS.md
  - .ai/CURRENT.md
  - .ai/handoffs/RESULT-OPS-WEBHOOK-ENV-001.md
description: >
  Stack de testes no DSK7 revalidado contra Docker ativo. Guard de isolamento
  confirmado (APP_ENV=testing, todos os bancos com sufixo _test). Matriz
  fail-closed dos 5 endpoints comprovada ao vivo.
