task_id: QA-SCHEMA-001
owner: ANTIGRAVITY
status: IMPLEMENTED_NOT_VERIFIED
acquired_at: "2026-10-02T22:41:00-03:00"
base_commit: "f8db27d4"
write_scope:
  - .ai/locks/QA-SCHEMA-001.lock.yaml
  - .ai/TASKS.md
  - docker/testing/mysql-init/03-lawfirm-tables.sql
  - database/schema/mysql-schema.sql
  - quality/QA-SCHEMA.md
  - .ai/handoffs/RESULT-QA-SCHEMA-001.md
description: >
  Versionamento do schema de dominio dos tenants de teste (03-lawfirm-tables.sql e schema base)
  para habilitar execucao reprodutivel de seeders e testes de QA.
