task_id: REPO-HYGIENE-002
owner: OPENCODE
write_scope:
  - .gitignore
  - openspec/specs/.gitkeep
  - openspec/specs/2026-09-09-ajustes-ui-e-melhorias.yaml
  - .ai/TASKS.md
  - .ai/LOG_INDEX.md
  - .ai/logs/OPENCODE.md
started_at: "2026-09-12T18:25:00Z"
last_checkpoint_at: "2026-09-12T18:25:00Z"
base_commit: "e9464049"
workspace: "dev-opencode"
status: ACTIVE
