task_id: SKILLS-UPD-002
owner: OPENCODE
write_scope:
  - .ai/locks/SKILLS-UPD-002.lock.yaml
  - .ai/TASKS.md
  - .ai/LOG_INDEX.md
  - .ai/CURRENT.md
  - .agents/skills/
  - .ai/backups/
started_at: "2026-09-16T12:55:00Z"
last_checkpoint_at: "2026-09-19T13:30:00Z"
base_commit: "4f50421e31e2640442b999f247af4a205056138b"
workspace: "dev-environment"
status: RELEASED
note: "GO do operador 2026-09-19. Instalação e catalogação das skills AAS v17.3.0 validadas. Smoke test na IDE aprovado e fila de pendências limpa."

