task_id: WEBHOOK-SEC-002
owner: HERMES
write_scope:
  - .ai/TASKS.md
  - .ai/LOG_INDEX.md
  - .ai/CURRENT.md
  - .ai/locks/WEBHOOK-SEC-002.lock.yaml
started_at: "2026-10-01T00:00:00Z"
base_commit: "e2ef3f0d"
workspace: "lawfirm-doc002"
status: RELEASED
note: "Registra os 2 furos de webhook encontrados na auditoria estatica (Escavador sem auth; Asaas token opcional) e corrige a atribuicao da OPS-WEBHOOK-ENV-001 para Antigravity."
